PODS:
  - FBSnapshotTestCase (1.8.1)
  - Nimble (2.0.0-rc.3)
  - Nimble-Snapshots (1.0.0):
    - FBSnapshotTestCase (~> 1.7)
    - Nimble (~> 2.0.0-rc.2)
    - Quick (~> 0.5)
  - Quick (0.6.0)
  - SwiftySurrogate (1.0.3)

DEPENDENCIES:
  - FBSnapshotTestCase
  - Nimble (= 2.0.0-rc.3)
  - Nimble-Snapshots
  - Quick (~> 0.6.0)
  - SwiftySurrogate (from `../`)

EXTERNAL SOURCES:
  SwiftySurrogate:
    :path: "../"

SPEC CHECKSUMS:
  FBSnapshotTestCase: 3dc3899168747a0319c5278f5b3445c13a6532dd
  Nimble: 9dff98ee195ffe7351d3b2fb01d3a1420fd97948
  Nimble-Snapshots: c16dd279a4840ec06288198fafd53f3c17750ff3
  Quick: 563686dbcf0ae0f9f7401ac9cd2d786ee1b7f3d7
  SwiftySurrogate: 5c68abe9d7ad1abf0f3f50932be5233fb73092d8

COCOAPODS: 0.37.2
